// !$*UTF8*$!
{
	archiveVersion = 1;
	classes = {
	};
	objectVersion = 56;
	objects = {

/* Begin PBXBuildFile section */
		953385FD2923F6060048AA58 /* AppDelegate.swift in Sources */ = {isa = PBXBuildFile; fileRef = 953385FC2923F6060048AA58 /* AppDelegate.swift */; };
		953385FF2923F6060048AA58 /* SceneDelegate.swift in Sources */ = {isa = PBXBuildFile; fileRef = 953385FE2923F6060048AA58 /* SceneDelegate.swift */; };
		953386012923F6060048AA58 /* MainListView.swift in Sources */ = {isa = PBXBuildFile; fileRef = 953386002923F6060048AA58 /* MainListView.swift */; };
		953386072923F6060048AA58 /* MovieListApp.xcdatamodeld in Sources */ = {isa = PBXBuildFile; fileRef = 953386052923F6060048AA58 /* MovieListApp.xcdatamodeld */; };
		953386092923F6070048AA58 /* Assets.xcassets in Resources */ = {isa = PBXBuildFile; fileRef = 953386082923F6070048AA58 /* Assets.xcassets */; };
		9533860C2923F6070048AA58 /* LaunchScreen.storyboard in Resources */ = {isa = PBXBuildFile; fileRef = 9533860A2923F6070048AA58 /* LaunchScreen.storyboard */; };
		953386162924CBD40048AA58 /* MainListPresenter.swift in Sources */ = {isa = PBXBuildFile; fileRef = 953386152924CBD40048AA58 /* MainListPresenter.swift */; };
		953386182924CBEF0048AA58 /* MainListRouter.swift in Sources */ = {isa = PBXBuildFile; fileRef = 953386172924CBEF0048AA58 /* MainListRouter.swift */; };
		9533861C2924DD7E0048AA58 /* AddNewFilmView.swift in Sources */ = {isa = PBXBuildFile; fileRef = 9533861B2924DD7E0048AA58 /* AddNewFilmView.swift */; };
		9533861E2924DD840048AA58 /* AddNewFilmPresenter.swift in Sources */ = {isa = PBXBuildFile; fileRef = 9533861D2924DD840048AA58 /* AddNewFilmPresenter.swift */; };
		953386202924DD890048AA58 /* AddNewFilmRouter.swift in Sources */ = {isa = PBXBuildFile; fileRef = 9533861F2924DD890048AA58 /* AddNewFilmRouter.swift */; };
/* End PBXBuildFile section */

/* Begin PBXFileReference section */
		953385F92923F6060048AA58 /* MovieListApp.app */ = {isa = PBXFileReference; explicitFileType = wrapper.application; includeInIndex = 0; path = MovieListApp.app; sourceTree = BUILT_PRODUCTS_DIR; };
		953385FC2923F6060048AA58 /* AppDelegate.swift */ = {isa = PBXFileReference; lastKnownFileType = sourcecode.swift; path = AppDelegate.swift; sourceTree = "<group>"; };
		953385FE2923F6060048AA58 /* SceneDelegate.swift */ = {isa = PBXFileReference; lastKnownFileType = sourcecode.swift; path = SceneDelegate.swift; sourceTree = "<group>"; };
		953386002923F6060048AA58 /* MainListView.swift */ = {isa = PBXFileReference; lastKnownFileType = sourcecode.swift; path = MainListView.swift; sourceTree = "<group>"; };
		953386062923F6060048AA58 /* MovieListApp.xcdatamodel */ = {isa = PBXFileReference; lastKnownFileType = wrapper.xcdatamodel; path = MovieListApp.xcdatamodel; sourceTree = "<group>"; };
		953386082923F6070048AA58 /* Assets.xcassets */ = {isa = PBXFileReference; lastKnownFileType = folder.assetcatalog; path = Assets.xcassets; sourceTree = "<group>"; };
		9533860B2923F6070048AA58 /* Base */ = {isa = PBXFileReference; lastKnownFileType = file.storyboard; name = Base; path = Base.lproj/LaunchScreen.storyboard; sourceTree = "<group>"; };
		9533860D2923F6070048AA58 /* Info.plist */ = {isa = PBXFileReference; lastKnownFileType = text.plist.xml; path = Info.plist; sourceTree = "<group>"; };
		953386152924CBD40048AA58 /* MainListPresenter.swift */ = {isa = PBXFileReference; lastKnownFileType = sourcecode.swift; path = MainListPresenter.swift; sourceTree = "<group>"; };
		953386172924CBEF0048AA58 /* MainListRouter.swift */ = {isa = PBXFileReference; lastKnownFileType = sourcecode.swift; path = MainListRouter.swift; sourceTree = "<group>"; };
		9533861B2924DD7E0048AA58 /* AddNewFilmView.swift */ = {isa = PBXFileReference; lastKnownFileType = sourcecode.swift; path = AddNewFilmView.swift; sourceTree = "<group>"; };
		9533861D2924DD840048AA58 /* AddNewFilmPresenter.swift */ = {isa = PBXFileReference; lastKnownFileType = sourcecode.swift; path = AddNewFilmPresenter.swift; sourceTree = "<group>"; };
		9533861F2924DD890048AA58 /* AddNewFilmRouter.swift */ = {isa = PBXFileReference; lastKnownFileType = sourcecode.swift; path = AddNewFilmRouter.swift; sourceTree = "<group>"; };
/* End PBXFileReference section */

/* Begin PBXFrameworksBuildPhase section */
		953385F62923F6060048AA58 /* Frameworks */ = {
			isa = PBXFrameworksBuildPhase;
			buildActionMask = 2147483647;
			files = (
			);
			runOnlyForDeploymentPostprocessing = 0;
		};
/* End PBXFrameworksBuildPhase section */

/* Begin PBXGroup section */
		953385F02923F6060048AA58 = {
			isa = PBXGroup;
			children = (
				953385FB2923F6060048AA58 /* MovieListApp */,
				953385FA2923F6060048AA58 /* Products */,
			);
			sourceTree = "<group>";
		};
		953385FA2923F6060048AA58 /* Products */ = {
			isa = PBXGroup;
			children = (
				953385F92923F6060048AA58 /* MovieListApp.app */,
			);
			name = Products;
			sourceTree = "<group>";
		};
		953385FB2923F6060048AA58 /* MovieListApp */ = {
			isa = PBXGroup;
			children = (
				953386132924CB1C0048AA58 /* Core */,
				953386222924E55B0048AA58 /* AddNewFilmFlow */,
				953386212924E53B0048AA58 /* MovieScreenFlow */,
				953386082923F6070048AA58 /* Assets.xcassets */,
				9533860D2923F6070048AA58 /* Info.plist */,
				953386052923F6060048AA58 /* MovieListApp.xcdatamodeld */,
			);
			path = MovieListApp;
			sourceTree = "<group>";
		};
		953386132924CB1C0048AA58 /* Core */ = {
			isa = PBXGroup;
			children = (
				953386192924CC0C0048AA58 /* Storyboard */,
				953385FC2923F6060048AA58 /* AppDelegate.swift */,
				953385FE2923F6060048AA58 /* SceneDelegate.swift */,
			);
			path = Core;
			sourceTree = "<group>";
		};
		953386142924CB260048AA58 /* MainListScreen */ = {
			isa = PBXGroup;
			children = (
				953386002923F6060048AA58 /* MainListView.swift */,
				953386152924CBD40048AA58 /* MainListPresenter.swift */,
				953386172924CBEF0048AA58 /* MainListRouter.swift */,
			);
			path = MainListScreen;
			sourceTree = "<group>";
		};
		953386192924CC0C0048AA58 /* Storyboard */ = {
			isa = PBXGroup;
			children = (
				9533860A2923F6070048AA58 /* LaunchScreen.storyboard */,
			);
			path = Storyboard;
			sourceTree = "<group>";
		};
		9533861A2924DD400048AA58 /* AddNewFilmScreen */ = {
			isa = PBXGroup;
			children = (
				9533861B2924DD7E0048AA58 /* AddNewFilmView.swift */,
				9533861D2924DD840048AA58 /* AddNewFilmPresenter.swift */,
				9533861F2924DD890048AA58 /* AddNewFilmRouter.swift */,
			);
			path = AddNewFilmScreen;
			sourceTree = "<group>";
		};
		953386212924E53B0048AA58 /* MovieScreenFlow */ = {
			isa = PBXGroup;
			children = (
				953386142924CB260048AA58 /* MainListScreen */,
			);
			path = MovieScreenFlow;
			sourceTree = "<group>";
		};
		953386222924E55B0048AA58 /* AddNewFilmFlow */ = {
			isa = PBXGroup;
			children = (
				9533861A2924DD400048AA58 /* AddNewFilmScreen */,
			);
			path = AddNewFilmFlow;
			sourceTree = "<group>";
		};
/* End PBXGroup section */

/* Begin PBXNativeTarget section */
		953385F82923F6060048AA58 /* MovieListApp */ = {
			isa = PBXNativeTarget;
			buildConfigurationList = 953386102923F6070048AA58 /* Build configuration list for PBXNativeTarget "MovieListApp" */;
			buildPhases = (
				953385F52923F6060048AA58 /* Sources */,
				953385F62923F6060048AA58 /* Frameworks */,
				953385F72923F6060048AA58 /* Resources */,
			);
			buildRules = (
			);
			dependencies = (
			);
			name = MovieListApp;
			productName = MovieListApp;
			productReference = 953385F92923F6060048AA58 /* MovieListApp.app */;
			productType = "com.apple.product-type.application";
		};
/* End PBXNativeTarget section */

/* Begin PBXProject section */
		953385F12923F6060048AA58 /* Project object */ = {
			isa = PBXProject;
			attributes = {
				BuildIndependentTargetsInParallel = 1;
				LastSwiftUpdateCheck = 1400;
				LastUpgradeCheck = 1400;
				TargetAttributes = {
					953385F82923F6060048AA58 = {
						CreatedOnToolsVersion = 14.0.1;
					};
				};
			};
			buildConfigurationList = 953385F42923F6060048AA58 /* Build configuration list for PBXProject "MovieListApp" */;
			compatibilityVersion = "Xcode 14.0";
			developmentRegion = en;
			hasScannedForEncodings = 0;
			knownRegions = (
				en,
				Base,
			);
			mainGroup = 953385F02923F6060048AA58;
			productRefGroup = 953385FA2923F6060048AA58 /* Products */;
			projectDirPath = "";
			projectRoot = "";
			targets = (
				953385F82923F6060048AA58 /* MovieListApp */,
			);
		};
/* End PBXProject section */

/* Begin PBXResourcesBuildPhase section */
		953385F72923F6060048AA58 /* Resources */ = {
			isa = PBXResourcesBuildPhase;
			buildActionMask = 2147483647;
			files = (
				9533860C2923F6070048AA58 /* LaunchScreen.storyboard in Resources */,
				953386092923F6070048AA58 /* Assets.xcassets in Resources */,
			);
			runOnlyForDeploymentPostprocessing = 0;
		};
/* End PBXResourcesBuildPhase section */

/* Begin PBXSourcesBuildPhase section */
		953385F52923F6060048AA58 /* Sources */ = {
			isa = PBXSourcesBuildPhase;
			buildActionMask = 2147483647;
			files = (
				9533861C2924DD7E0048AA58 /* AddNewFilmView.swift in Sources */,
				953386012923F6060048AA58 /* MainListView.swift in Sources */,
				953386162924CBD40048AA58 /* MainListPresenter.swift in Sources */,
				953386202924DD890048AA58 /* AddNewFilmRouter.swift in Sources */,
				953385FD2923F6060048AA58 /* AppDelegate.swift in Sources */,
				953386182924CBEF0048AA58 /* MainListRouter.swift in Sources */,
				953386072923F6060048AA58 /* MovieListApp.xcdatamodeld in Sources */,
				953385FF2923F6060048AA58 /* SceneDelegate.swift in Sources */,
				9533861E2924DD840048AA58 /* AddNewFilmPresenter.swift in Sources */,
			);
			runOnlyForDeploymentPostprocessing = 0;
		};
/* End PBXSourcesBuildPhase section */

/* Begin PBXVariantGroup section */
		9533860A2923F6070048AA58 /* LaunchScreen.storyboard */ = {
			isa = PBXVariantGroup;
			children = (
				9533860B2923F6070048AA58 /* Base */,
			);
			name = LaunchScreen.storyboard;
			sourceTree = "<group>";
		};
/* End PBXVariantGroup section */

/* Begin XCBuildConfiguration section */
		9533860E2923F6070048AA58 /* Debug */ = {
			isa = XCBuildConfiguration;
			buildSettings = {
				ALWAYS_SEARCH_USER_PATHS = NO;
				CLANG_ANALYZER_NONNULL = YES;
				CLANG_ANALYZER_NUMBER_OBJECT_CONVERSION = YES_AGGRESSIVE;
				CLANG_CXX_LANGUAGE_STANDARD = "gnu++20";
				CLANG_ENABLE_MODULES = YES;
				CLANG_ENABLE_OBJC_ARC = YES;
				CLANG_ENABLE_OBJC_WEAK = YES;
				CLANG_WARN_BLOCK_CAPTURE_AUTORELEASING = YES;
				CLANG_WARN_BOOL_CONVERSION = YES;
				CLANG_WARN_COMMA = YES;
				CLANG_WARN_CONSTANT_CONVERSION = YES;
				CLANG_WARN_DEPRECATED_OBJC_IMPLEMENTATIONS = YES;
				CLANG_WARN_DIRECT_OBJC_ISA_USAGE = YES_ERROR;
				CLANG_WARN_DOCUMENTATION_COMMENTS = YES;
				CLANG_WARN_EMPTY_BODY = YES;
				CLANG_WARN_ENUM_CONVERSION = YES;
				CLANG_WARN_INFINITE_RECURSION = YES;
				CLANG_WARN_INT_CONVERSION = YES;
				CLANG_WARN_NON_LITERAL_NULL_CONVERSION = YES;
				CLANG_WARN_OBJC_IMPLICIT_RETAIN_SELF = YES;
				CLANG_WARN_OBJC_LITERAL_CONVERSION = YES;
				CLANG_WARN_OBJC_ROOT_CLASS = YES_ERROR;
				CLANG_WARN_QUOTED_INCLUDE_IN_FRAMEWORK_HEADER = YES;
				CLANG_WARN_RANGE_LOOP_ANALYSIS = YES;
				CLANG_WARN_STRICT_PROTOTYPES = YES;
				CLANG_WARN_SUSPICIOUS_MOVE = YES;
				CLANG_WARN_UNGUARDED_AVAILABILITY = YES_AGGRESSIVE;
				CLANG_WARN_UNREACHABLE_CODE = YES;
				CLANG_WARN__DUPLICATE_METHOD_MATCH = YES;
				COPY_PHASE_STRIP = NO;
				DEBUG_INFORMATION_FORMAT = dwarf;
				ENABLE_STRICT_OBJC_MSGSEND = YES;
				ENABLE_TESTABILITY = YES;
				GCC_C_LANGUAGE_STANDARD = gnu11;
				GCC_DYNAMIC_NO_PIC = NO;
				GCC_NO_COMMON_BLOCKS = YES;
				GCC_OPTIMIZATION_LEVEL = 0;
				GCC_PREPROCESSOR_DEFINITIONS = (
					"DEBUG=1",
					"$(inherited)",
				);
				GCC_WARN_64_TO_32_BIT_CONVERSION = YES;
				GCC_WARN_ABOUT_RETURN_TYPE = YES_ERROR;
				GCC_WARN_UNDECLARED_SELECTOR = YES;
				GCC_WARN_UNINITIALIZED_AUTOS = YES_AGGRESSIVE;
				GCC_WARN_UNUSED_FUNCTION = YES;
				GCC_WARN_UNUSED_VARIABLE = YES;
				IPHONEOS_DEPLOYMENT_TARGET = 16.0;
				MTL_ENABLE_DEBUG_INFO = INCLUDE_SOURCE;
				MTL_FAST_MATH = YES;
				ONLY_ACTIVE_ARCH = YES;
				SDKROOT = iphoneos;
				SWIFT_ACTIVE_COMPILATION_CONDITIONS = DEBUG;
				SWIFT_OPTIMIZATION_LEVEL = "-Onone";
			};
			name = Debug;
		};
		9533860F2923F6070048AA58 /* Release */ = {
			isa = XCBuildConfiguration;
			buildSettings = {
				ALWAYS_SEARCH_USER_PATHS = NO;
				CLANG_ANALYZER_NONNULL = YES;
				CLANG_ANALYZER_NUMBER_OBJECT_CONVERSION = YES_AGGRESSIVE;
				CLANG_CXX_LANGUAGE_STANDARD = "gnu++20";
				CLANG_ENABLE_MODULES = YES;
				CLANG_ENABLE_OBJC_ARC = YES;
				CLANG_ENABLE_OBJC_WEAK = YES;
				CLANG_WARN_BLOCK_CAPTURE_AUTORELEASING = YES;
				CLANG_WARN_BOOL_CONVERSION = YES;
				CLANG_WARN_COMMA = YES;
				CLANG_WARN_CONSTANT_CONVERSION = YES;
				CLANG_WARN_DEPRECATED_OBJC_IMPLEMENTATIONS = YES;
				CLANG_WARN_DIRECT_OBJC_ISA_USAGE = YES_ERROR;
				CLANG_WARN_DOCUMENTATION_COMMENTS = YES;
				CLANG_WARN_EMPTY_BODY = YES;
				CLANG_WARN_ENUM_CONVERSION = YES;
				CLANG_WARN_INFINITE_RECURSION = YES;
				CLANG_WARN_INT_CONVERSION = YES;
				CLANG_WARN_NON_LITERAL_NULL_CONVERSION = YES;
				CLANG_WARN_OBJC_IMPLICIT_RETAIN_SELF = YES;
				CLANG_WARN_OBJC_LITERAL_CONVERSION = YES;
				CLANG_WARN_OBJC_ROOT_CLASS = YES_ERROR;
				CLANG_WARN_QUOTED_INCLUDE_IN_FRAMEWORK_HEADER = YES;
				CLANG_WARN_RANGE_LOOP_ANALYSIS = YES;
				CLANG_WARN_STRICT_PROTOTYPES = YES;
				CLANG_WARN_SUSPICIOUS_MOVE = YES;
				CLANG_WARN_UNGUARDED_AVAILABILITY = YES_AGGRESSIVE;
				CLANG_WARN_UNREACHABLE_CODE = YES;
				CLANG_WARN__DUPLICATE_METHOD_MATCH = YES;
				COPY_PHASE_STRIP = NO;
				DEBUG_INFORMATION_FORMAT = "dwarf-with-dsym";
				ENABLE_NS_ASSERTIONS = NO;
				ENABLE_STRICT_OBJC_MSGSEND = YES;
				GCC_C_LANGUAGE_STANDARD = gnu11;
				GCC_NO_COMMON_BLOCKS = YES;
				GCC_WARN_64_TO_32_BIT_CONVERSION = YES;
				GCC_WARN_ABOUT_RETURN_TYPE = YES_ERROR;
				GCC_WARN_UNDECLARED_SELECTOR = YES;
				GCC_WARN_UNINITIALIZED_AUTOS = YES_AGGRESSIVE;
				GCC_WARN_UNUSED_FUNCTION = YES;
				GCC_WARN_UNUSED_VARIABLE = YES;
				IPHONEOS_DEPLOYMENT_TARGET = 16.0;
				MTL_ENABLE_DEBUG_INFO = NO;
				MTL_FAST_MATH = YES;
				SDKROOT = iphoneos;
				SWIFT_COMPILATION_MODE = wholemodule;
				SWIFT_OPTIMIZATION_LEVEL = "-O";
				VALIDATE_PRODUCT = YES;
			};
			name = Release;
		};
		953386112923F6070048AA58 /* Debug */ = {
			isa = XCBuildConfiguration;
			buildSettings = {
				ASSETCATALOG_COMPILER_APPICON_NAME = AppIcon;
				ASSETCATALOG_COMPILER_GLOBAL_ACCENT_COLOR_NAME = AccentColor;
				CODE_SIGN_STYLE = Automatic;
				CURRENT_PROJECT_VERSION = 1;
				DEVELOPMENT_TEAM = 3HQN9YN4MK;
				GENERATE_INFOPLIST_FILE = YES;
				INFOPLIST_FILE = MovieListApp/Info.plist;
				INFOPLIST_KEY_UIApplicationSupportsIndirectInputEvents = YES;
				INFOPLIST_KEY_UILaunchStoryboardName = LaunchScreen;
				INFOPLIST_KEY_UISupportedInterfaceOrientations_iPad = "UIInterfaceOrientationPortrait UIInterfaceOrientationPortraitUpsideDown UIInterfaceOrientationLandscapeLeft UIInterfaceOrientationLandscapeRight";
				INFOPLIST_KEY_UISupportedInterfaceOrientations_iPhone = "UIInterfaceOrientationPortrait UIInterfaceOrientationLandscapeLeft UIInterfaceOrientationLandscapeRight";
				LD_RUNPATH_SEARCH_PATHS = (
					"$(inherited)",
					"@executable_path/Frameworks",
				);
				MARKETING_VERSION = 1.0;
				PRODUCT_BUNDLE_IDENTIFIER = "------.MovieListApp";
				PRODUCT_NAME = "$(TARGET_NAME)";
				SWIFT_EMIT_LOC_STRINGS = YES;
				SWIFT_VERSION = 5.0;
				TARGETED_DEVICE_FAMILY = "1,2";
			};
			name = Debug;
		};
		953386122923F6070048AA58 /* Release */ = {
			isa = XCBuildConfiguration;
			buildSettings = {
				ASSETCATALOG_COMPILER_APPICON_NAME = AppIcon;
				ASSETCATALOG_COMPILER_GLOBAL_ACCENT_COLOR_NAME = AccentColor;
				CODE_SIGN_STYLE = Automatic;
				CURRENT_PROJECT_VERSION = 1;
				DEVELOPMENT_TEAM = 3HQN9YN4MK;
				GENERATE_INFOPLIST_FILE = YES;
				INFOPLIST_FILE = MovieListApp/Info.plist;
				INFOPLIST_KEY_UIApplicationSupportsIndirectInputEvents = YES;
				INFOPLIST_KEY_UILaunchStoryboardName = LaunchScreen;
				INFOPLIST_KEY_UISupportedInterfaceOrientations_iPad = "UIInterfaceOrientationPortrait UIInterfaceOrientationPortraitUpsideDown UIInterfaceOrientationLandscapeLeft UIInterfaceOrientationLandscapeRight";
				INFOPLIST_KEY_UISupportedInterfaceOrientations_iPhone = "UIInterfaceOrientationPortrait UIInterfaceOrientationLandscapeLeft UIInterfaceOrientationLandscapeRight";
				LD_RUNPATH_SEARCH_PATHS = (
					"$(inherited)",
					"@executable_path/Frameworks",
				);
				MARKETING_VERSION = 1.0;
				PRODUCT_BUNDLE_IDENTIFIER = "------.MovieListApp";
				PRODUCT_NAME = "$(TARGET_NAME)";
				SWIFT_EMIT_LOC_STRINGS = YES;
				SWIFT_VERSION = 5.0;
				TARGETED_DEVICE_FAMILY = "1,2";
			};
			name = Release;
		};
/* End XCBuildConfiguration section */

/* Begin XCConfigurationList section */
		953385F42923F6060048AA58 /* Build configuration list for PBXProject "MovieListApp" */ = {
			isa = XCConfigurationList;
			buildConfigurations = (
				9533860E2923F6070048AA58 /* Debug */,
				9533860F2923F6070048AA58 /* Release */,
			);
			defaultConfigurationIsVisible = 0;
			defaultConfigurationName = Release;
		};
		953386102923F6070048AA58 /* Build configuration list for PBXNativeTarget "MovieListApp" */ = {
			isa = XCConfigurationList;
			buildConfigurations = (
				953386112923F6070048AA58 /* Debug */,
				953386122923F6070048AA58 /* Release */,
			);
			defaultConfigurationIsVisible = 0;
			defaultConfigurationName = Release;
		};
/* End XCConfigurationList section */

/* Begin XCVersionGroup section */
		953386052923F6060048AA58 /* MovieListApp.xcdatamodeld */ = {
			isa = XCVersionGroup;
			children = (
				953386062923F6060048AA58 /* MovieListApp.xcdatamodel */,
			);
			currentVersion = 953386062923F6060048AA58 /* MovieListApp.xcdatamodel */;
			path = MovieListApp.xcdatamodeld;
			sourceTree = "<group>";
			versionGroupType = wrapper.xcdatamodel;
		};
/* End XCVersionGroup section */
	};
	rootObject = 953385F12923F6060048AA58 /* Project object */;
}
